Microsoft Visual Studio Solution File, Format Version 10.00
# Visual Studio 2008
Project("{2150E333-8FDC-42A3-9474-1A3956D46DE8}") = "OpenSceneGraph2.9.7", "OpenSceneGraph2.9.7", "{AEEFA19C-8D7E-4504-A8E9-CB8FB146A41D}"
EndProject
Project("{2150E333-8FDC-42A3-9474-1A3956D46DE8}") = "Plugins", "Plugins", "{9966865D-9AEA-4330-9B7D-FB15D48FC4C1}"
EndProject
Project("{2150E333-8FDC-42A3-9474-1A3956D46DE8}") = "3rdParty", "3rdParty", "{54811760-FF9D-41CB-A0A3-A3365BF0E79D}"
EndProject
Project("{2150E333-8FDC-42A3-9474-1A3956D46DE8}") = "cal3d-0.11.0", "cal3d-0.11.0", "{B0E2D399-7571-47B2-BCF0-8E05505B85C4}"
EndProject
Project("{2150E333-8FDC-42A3-9474-1A3956D46DE8}") = "osgcal2-0.3.0", "osgcal2-0.3.0", "{3A4C4A3E-147E-49CC-847D-4B20BED423AE}"
EndProject
Project("{2150E333-8FDC-42A3-9474-1A3956D46DE8}") = "HiFramework", "HiFramework", "{C7D70335-A314-40D1-868A-01F0283E0074}"
EndProject
Project("{2150E333-8FDC-42A3-9474-1A3956D46DE8}") = "Resources", "Resources", "{DB695E0E-195D-4C8A-8A44-42C1EFB07CA8}"
	ProjectSection(SolutionItems) = preProject
		..\Resource\HiFramework.xml = ..\Resource\HiFramework.xml
	EndProjectSection
EndProject
Project("{2150E333-8FDC-42A3-9474-1A3956D46DE8}") = "HiModules", "HiModules", "{94A1A606-CC9E-4B30-9B23-89DC9DB7C079}"
EndProject
Project("{8BC9CEB8-8B4A-11D0-8D11-00A0C91BC942}") = "osg", "3rdParty\OpenSceneGraph\osg.vcproj", "{B3465970-3882-4E48-AF8E-7F5B0B7DB464}"
	ProjectSection(ProjectDependencies) = postProject
		{CE559982-43F7-460B-8F3D-34B9D3AC30EB} = {CE559982-43F7-460B-8F3D-34B9D3AC30EB}
	EndProjectSection
EndProject
Project("{8BC9CEB8-8B4A-11D0-8D11-00A0C91BC942}") = "osgDB", "3rdParty\OpenSceneGraph\osgDB.vcproj", "{3CF818F6-D240-42FC-AFD0-B55990AB6511}"
	ProjectSection(ProjectDependencies) = postProject
		{B3465970-3882-4E48-AF8E-7F5B0B7DB464} = {B3465970-3882-4E48-AF8E-7F5B0B7DB464}
		{CE559982-43F7-460B-8F3D-34B9D3AC30EB} = {CE559982-43F7-460B-8F3D-34B9D3AC30EB}
	EndProjectSection
EndProject
Project("{8BC9CEB8-8B4A-11D0-8D11-00A0C91BC942}") = "osgFX", "3rdParty\OpenSceneGraph\osgFX.vcproj", "{C6940B26-BFEA-41E8-8673-E6A23EF45DD4}"
	ProjectSection(ProjectDependencies) = postProject
		{B3465970-3882-4E48-AF8E-7F5B0B7DB464} = {B3465970-3882-4E48-AF8E-7F5B0B7DB464}
		{CE559982-43F7-460B-8F3D-34B9D3AC30EB} = {CE559982-43F7-460B-8F3D-34B9D3AC30EB}
		{5C82B5BE-20DD-4AC8-9553-86472DA122A9} = {5C82B5BE-20DD-4AC8-9553-86472DA122A9}
		{3CF818F6-D240-42FC-AFD0-B55990AB6511} = {3CF818F6-D240-42FC-AFD0-B55990AB6511}
	EndProjectSection
EndProject
Project("{8BC9CEB8-8B4A-11D0-8D11-00A0C91BC942}") = "osgGA", "3rdParty\OpenSceneGraph\osgGA.vcproj", "{F9912579-49A1-430D-90A3-B8B2CB8F0AA2}"
EndProject
Project("{8BC9CEB8-8B4A-11D0-8D11-00A0C91BC942}") = "osgManipulator", "3rdParty\OpenSceneGraph\osgManipulator.vcproj", "{8C5DA2A3-A96C-47C4-B7A2-CB1C6F2F5172}"
	ProjectSection(ProjectDependencies) = postProject
		{B3465970-3882-4E48-AF8E-7F5B0B7DB464} = {B3465970-3882-4E48-AF8E-7F5B0B7DB464}
		{CE559982-43F7-460B-8F3D-34B9D3AC30EB} = {CE559982-43F7-460B-8F3D-34B9D3AC30EB}
		{6153BF9C-4293-4702-BB88-F0F4B8849DC4} = {6153BF9C-4293-4702-BB88-F0F4B8849DC4}
		{3CF818F6-D240-42FC-AFD0-B55990AB6511} = {3CF818F6-D240-42FC-AFD0-B55990AB6511}
	EndProjectSection
EndProject
Project("{8BC9CEB8-8B4A-11D0-8D11-00A0C91BC942}") = "osgParticle", "3rdParty\OpenSceneGraph\osgParticle.vcproj", "{7FC5B7BC-8DB9-4BB2-93E1-0E19F118BAD6}"
EndProject
Project("{8BC9CEB8-8B4A-11D0-8D11-00A0C91BC942}") = "osgPresentation", "3rdParty\OpenSceneGraph\osgPresentation.vcproj", "{EDAC1C25-8CB8-45B0-942C-E9C106CDC3B8}"
EndProject
Project("{8BC9CEB8-8B4A-11D0-8D11-00A0C91BC942}") = "osgShadow", "3rdParty\OpenSceneGraph\osgShadow.vcproj", "{149D2DCB-A6C4-4418-8D83-34FE235A5AB3}"
EndProject
Project("{8BC9CEB8-8B4A-11D0-8D11-00A0C91BC942}") = "osgSim", "3rdParty\OpenSceneGraph\osgSim.vcproj", "{F4BB8A17-4C8A-40DB-B41E-AA1BF2E4192A}"
	ProjectSection(ProjectDependencies) = postProject
		{B3465970-3882-4E48-AF8E-7F5B0B7DB464} = {B3465970-3882-4E48-AF8E-7F5B0B7DB464}
		{CE559982-43F7-460B-8F3D-34B9D3AC30EB} = {CE559982-43F7-460B-8F3D-34B9D3AC30EB}
		{6153BF9C-4293-4702-BB88-F0F4B8849DC4} = {6153BF9C-4293-4702-BB88-F0F4B8849DC4}
		{5C82B5BE-20DD-4AC8-9553-86472DA122A9} = {5C82B5BE-20DD-4AC8-9553-86472DA122A9}
		{3CF818F6-D240-42FC-AFD0-B55990AB6511} = {3CF818F6-D240-42FC-AFD0-B55990AB6511}
	EndProjectSection
EndProject
Project("{8BC9CEB8-8B4A-11D0-8D11-00A0C91BC942}") = "osgTerrain", "3rdParty\OpenSceneGraph\osgTerrain.vcproj", "{BCF06E88-119E-4602-93E5-523C503E3C04}"
EndProject
Project("{8BC9CEB8-8B4A-11D0-8D11-00A0C91BC942}") = "osgText", "3rdParty\OpenSceneGraph\osgText.vcproj", "{6153BF9C-4293-4702-BB88-F0F4B8849DC4}"
	ProjectSection(ProjectDependencies) = postProject
		{B3465970-3882-4E48-AF8E-7F5B0B7DB464} = {B3465970-3882-4E48-AF8E-7F5B0B7DB464}
		{CE559982-43F7-460B-8F3D-34B9D3AC30EB} = {CE559982-43F7-460B-8F3D-34B9D3AC30EB}
		{3CF818F6-D240-42FC-AFD0-B55990AB6511} = {3CF818F6-D240-42FC-AFD0-B55990AB6511}
	EndProjectSection
EndProject
Project("{8BC9CEB8-8B4A-11D0-8D11-00A0C91BC942}") = "osgUtil", "3rdParty\OpenSceneGraph\osgUtil.vcproj", "{5C82B5BE-20DD-4AC8-9553-86472DA122A9}"
	ProjectSection(ProjectDependencies) = postProject
		{B3465970-3882-4E48-AF8E-7F5B0B7DB464} = {B3465970-3882-4E48-AF8E-7F5B0B7DB464}
		{CE559982-43F7-460B-8F3D-34B9D3AC30EB} = {CE559982-43F7-460B-8F3D-34B9D3AC30EB}
	EndProjectSection
EndProject
Project("{8BC9CEB8-8B4A-11D0-8D11-00A0C91BC942}") = "osgViewer", "3rdParty\OpenSceneGraph\osgViewer.vcproj", "{61F3C922-7C4F-45F0-B9E1-38477769D3BC}"
EndProject
Project("{8BC9CEB8-8B4A-11D0-8D11-00A0C91BC942}") = "osgVolume", "3rdParty\OpenSceneGraph\osgVolume.vcproj", "{33710B7C-2033-4505-B4BC-D175D537B156}"
EndProject
Project("{8BC9CEB8-8B4A-11D0-8D11-00A0C91BC942}") = "osgWidget", "3rdParty\OpenSceneGraph\osgWidget.vcproj", "{C0CA4A2D-1651-465F-B864-4AF25211E190}"
EndProject
Project("{8BC9CEB8-8B4A-11D0-8D11-00A0C91BC942}") = "Plugins ive", "3rdParty\OpenSceneGraph\osgdb_ive.vcproj", "{FE147ACE-B6F3-4D09-95FE-293C6F6297F6}"
EndProject
Project("{8BC9CEB8-8B4A-11D0-8D11-00A0C91BC942}") = "Plugins jpeg", "3rdParty\OpenSceneGraph\osgdb_jpeg.vcproj", "{8D9A83C0-DA5C-41EB-AC92-5E8C0D9DEEC8}"
EndProject
Project("{8BC9CEB8-8B4A-11D0-8D11-00A0C91BC942}") = "Plugins osg", "3rdParty\OpenSceneGraph\osgdb_osg.vcproj", "{FE7A462C-2216-479F-9074-EB19F87ED0D3}"
EndProject
Project("{8BC9CEB8-8B4A-11D0-8D11-00A0C91BC942}") = "Plugins png", "3rdParty\OpenSceneGraph\osgdb_png.vcproj", "{D6297929-86F6-47B3-8A39-CA2ABC823E67}"
EndProject
Project("{8BC9CEB8-8B4A-11D0-8D11-00A0C91BC942}") = "Plugins tga", "3rdParty\OpenSceneGraph\osgdb_tga.vcproj", "{73A36EC0-051E-4AF2-A008-493038A1D7AE}"
EndProject
Project("{8BC9CEB8-8B4A-11D0-8D11-00A0C91BC942}") = "OpenThreads", "3rdParty\OpenSceneGraph\OpenThreads.vcproj", "{CE559982-43F7-460B-8F3D-34B9D3AC30EB}"
EndProject
Project("{8BC9CEB8-8B4A-11D0-8D11-00A0C91BC942}") = "Cal3D", "3rdParty\cal3d\cal3d.vcproj", "{86AD39B7-DDE7-4F46-B5BF-2154B047C112}"
EndProject
Project("{8BC9CEB8-8B4A-11D0-8D11-00A0C91BC942}") = "core_osgCal", "3rdParty\osgcal2\osgCal.vcproj", "{ECC2A02A-81A0-4EA7-95D7-BA6274B824C7}"
EndProject
Project("{8BC9CEB8-8B4A-11D0-8D11-00A0C91BC942}") = "HiKernel", "HiKernel.vcproj", "{23008180-D2DD-4DDB-91E4-F3447C380EA7}"
EndProject
Project("{8BC9CEB8-8B4A-11D0-8D11-00A0C91BC942}") = "HiClient", "HiClient.vcproj", "{8A811647-D830-4F66-B8D3-F69BAE8991CD}"
EndProject
Project("{8BC9CEB8-8B4A-11D0-8D11-00A0C91BC942}") = "mHiOsgCamera", "mHiOsgCamera.vcproj", "{E229EF0F-35FC-4431-9DA4-E358ACB3A8FF}"
EndProject
Project("{8BC9CEB8-8B4A-11D0-8D11-00A0C91BC942}") = "mHiOsgCal", "mHiOsgCal.vcproj", "{135526C9-D4BC-49D3-B2B6-8356545D9C45}"
EndProject
Project("{8BC9CEB8-8B4A-11D0-8D11-00A0C91BC942}") = "mHiOsgDummy", "mHiOsgDummy.vcproj", "{32B9EA36-825D-45BC-94AA-B6295237C8A1}"
EndProject
Project("{8BC9CEB8-8B4A-11D0-8D11-00A0C91BC942}") = "mHiOsgLight", "mHiOsgLight.vcproj", "{A065C58F-771F-4209-A9F2-255AB16302D7}"
EndProject
Project("{8BC9CEB8-8B4A-11D0-8D11-00A0C91BC942}") = "mHiOsgTerrain", "mHiOsgTerrain.vcproj", "{8BEFD880-4583-4BF5-9E02-721124078CF6}"
EndProject
Global
	GlobalSection(SolutionConfigurationPlatforms) = preSolution
		Debug|Win32 = Debug|Win32
		Hybrid|Win32 = Hybrid|Win32
		MinSizeRel|Win32 = MinSizeRel|Win32
		Release|Win32 = Release|Win32
		RelWithDebInfo|Win32 = RelWithDebInfo|Win32
	EndGlobalSection
	GlobalSection(ProjectConfigurationPlatforms) = postSolution
		{B3465970-3882-4E48-AF8E-7F5B0B7DB464}.Debug|Win32.ActiveCfg = Debug|Win32
		{B3465970-3882-4E48-AF8E-7F5B0B7DB464}.Debug|Win32.Build.0 = Debug|Win32
		{B3465970-3882-4E48-AF8E-7F5B0B7DB464}.Hybrid|Win32.ActiveCfg = RelWithDebInfo|Win32
		{B3465970-3882-4E48-AF8E-7F5B0B7DB464}.Hybrid|Win32.Build.0 = RelWithDebInfo|Win32
		{B3465970-3882-4E48-AF8E-7F5B0B7DB464}.MinSizeRel|Win32.ActiveCfg = MinSizeRel|Win32
		{B3465970-3882-4E48-AF8E-7F5B0B7DB464}.MinSizeRel|Win32.Build.0 = MinSizeRel|Win32
		{B3465970-3882-4E48-AF8E-7F5B0B7DB464}.Release|Win32.ActiveCfg = Release|Win32
		{B3465970-3882-4E48-AF8E-7F5B0B7DB464}.Release|Win32.Build.0 = Release|Win32
		{B3465970-3882-4E48-AF8E-7F5B0B7DB464}.RelWithDebInfo|Win32.ActiveCfg = RelWithDebInfo|Win32
		{B3465970-3882-4E48-AF8E-7F5B0B7DB464}.RelWithDebInfo|Win32.Build.0 = RelWithDebInfo|Win32
		{3CF818F6-D240-42FC-AFD0-B55990AB6511}.Debug|Win32.ActiveCfg = Debug|Win32
		{3CF818F6-D240-42FC-AFD0-B55990AB6511}.Debug|Win32.Build.0 = Debug|Win32
		{3CF818F6-D240-42FC-AFD0-B55990AB6511}.Hybrid|Win32.ActiveCfg = RelWithDebInfo|Win32
		{3CF818F6-D240-42FC-AFD0-B55990AB6511}.Hybrid|Win32.Build.0 = RelWithDebInfo|Win32
		{3CF818F6-D240-42FC-AFD0-B55990AB6511}.MinSizeRel|Win32.ActiveCfg = MinSizeRel|Win32
		{3CF818F6-D240-42FC-AFD0-B55990AB6511}.MinSizeRel|Win32.Build.0 = MinSizeRel|Win32
		{3CF818F6-D240-42FC-AFD0-B55990AB6511}.Release|Win32.ActiveCfg = Release|Win32
		{3CF818F6-D240-42FC-AFD0-B55990AB6511}.Release|Win32.Build.0 = Release|Win32
		{3CF818F6-D240-42FC-AFD0-B55990AB6511}.RelWithDebInfo|Win32.ActiveCfg = RelWithDebInfo|Win32
		{3CF818F6-D240-42FC-AFD0-B55990AB6511}.RelWithDebInfo|Win32.Build.0 = RelWithDebInfo|Win32
		{C6940B26-BFEA-41E8-8673-E6A23EF45DD4}.Debug|Win32.ActiveCfg = Debug|Win32
		{C6940B26-BFEA-41E8-8673-E6A23EF45DD4}.Debug|Win32.Build.0 = Debug|Win32
		{C6940B26-BFEA-41E8-8673-E6A23EF45DD4}.Hybrid|Win32.ActiveCfg = RelWithDebInfo|Win32
		{C6940B26-BFEA-41E8-8673-E6A23EF45DD4}.Hybrid|Win32.Build.0 = RelWithDebInfo|Win32
		{C6940B26-BFEA-41E8-8673-E6A23EF45DD4}.MinSizeRel|Win32.ActiveCfg = MinSizeRel|Win32
		{C6940B26-BFEA-41E8-8673-E6A23EF45DD4}.MinSizeRel|Win32.Build.0 = MinSizeRel|Win32
		{C6940B26-BFEA-41E8-8673-E6A23EF45DD4}.Release|Win32.ActiveCfg = Release|Win32
		{C6940B26-BFEA-41E8-8673-E6A23EF45DD4}.Release|Win32.Build.0 = Release|Win32
		{C6940B26-BFEA-41E8-8673-E6A23EF45DD4}.RelWithDebInfo|Win32.ActiveCfg = RelWithDebInfo|Win32
		{C6940B26-BFEA-41E8-8673-E6A23EF45DD4}.RelWithDebInfo|Win32.Build.0 = RelWithDebInfo|Win32
		{F9912579-49A1-430D-90A3-B8B2CB8F0AA2}.Debug|Win32.ActiveCfg = Debug|Win32
		{F9912579-49A1-430D-90A3-B8B2CB8F0AA2}.Debug|Win32.Build.0 = Debug|Win32
		{F9912579-49A1-430D-90A3-B8B2CB8F0AA2}.Hybrid|Win32.ActiveCfg = RelWithDebInfo|Win32
		{F9912579-49A1-430D-90A3-B8B2CB8F0AA2}.Hybrid|Win32.Build.0 = RelWithDebInfo|Win32
		{F9912579-49A1-430D-90A3-B8B2CB8F0AA2}.MinSizeRel|Win32.ActiveCfg = MinSizeRel|Win32
		{F9912579-49A1-430D-90A3-B8B2CB8F0AA2}.MinSizeRel|Win32.Build.0 = MinSizeRel|Win32
		{F9912579-49A1-430D-90A3-B8B2CB8F0AA2}.Release|Win32.ActiveCfg = Release|Win32
		{F9912579-49A1-430D-90A3-B8B2CB8F0AA2}.Release|Win32.Build.0 = Release|Win32
		{F9912579-49A1-430D-90A3-B8B2CB8F0AA2}.RelWithDebInfo|Win32.ActiveCfg = RelWithDebInfo|Win32
		{F9912579-49A1-430D-90A3-B8B2CB8F0AA2}.RelWithDebInfo|Win32.Build.0 = RelWithDebInfo|Win32
		{8C5DA2A3-A96C-47C4-B7A2-CB1C6F2F5172}.Debug|Win32.ActiveCfg = Debug|Win32
		{8C5DA2A3-A96C-47C4-B7A2-CB1C6F2F5172}.Debug|Win32.Build.0 = Debug|Win32
		{8C5DA2A3-A96C-47C4-B7A2-CB1C6F2F5172}.Hybrid|Win32.ActiveCfg = RelWithDebInfo|Win32
		{8C5DA2A3-A96C-47C4-B7A2-CB1C6F2F5172}.Hybrid|Win32.Build.0 = RelWithDebInfo|Win32
		{8C5DA2A3-A96C-47C4-B7A2-CB1C6F2F5172}.MinSizeRel|Win32.ActiveCfg = MinSizeRel|Win32
		{8C5DA2A3-A96C-47C4-B7A2-CB1C6F2F5172}.MinSizeRel|Win32.Build.0 = MinSizeRel|Win32
		{8C5DA2A3-A96C-47C4-B7A2-CB1C6F2F5172}.Release|Win32.ActiveCfg = Release|Win32
		{8C5DA2A3-A96C-47C4-B7A2-CB1C6F2F5172}.Release|Win32.Build.0 = Release|Win32
		{8C5DA2A3-A96C-47C4-B7A2-CB1C6F2F5172}.RelWithDebInfo|Win32.ActiveCfg = RelWithDebInfo|Win32
		{8C5DA2A3-A96C-47C4-B7A2-CB1C6F2F5172}.RelWithDebInfo|Win32.Build.0 = RelWithDebInfo|Win32
		{7FC5B7BC-8DB9-4BB2-93E1-0E19F118BAD6}.Debug|Win32.ActiveCfg = Debug|Win32
		{7FC5B7BC-8DB9-4BB2-93E1-0E19F118BAD6}.Debug|Win32.Build.0 = Debug|Win32
		{7FC5B7BC-8DB9-4BB2-93E1-0E19F118BAD6}.Hybrid|Win32.ActiveCfg = RelWithDebInfo|Win32
		{7FC5B7BC-8DB9-4BB2-93E1-0E19F118BAD6}.Hybrid|Win32.Build.0 = RelWithDebInfo|Win32
		{7FC5B7BC-8DB9-4BB2-93E1-0E19F118BAD6}.MinSizeRel|Win32.ActiveCfg = MinSizeRel|Win32
		{7FC5B7BC-8DB9-4BB2-93E1-0E19F118BAD6}.MinSizeRel|Win32.Build.0 = MinSizeRel|Win32
		{7FC5B7BC-8DB9-4BB2-93E1-0E19F118BAD6}.Release|Win32.ActiveCfg = Release|Win32
		{7FC5B7BC-8DB9-4BB2-93E1-0E19F118BAD6}.Release|Win32.Build.0 = Release|Win32
		{7FC5B7BC-8DB9-4BB2-93E1-0E19F118BAD6}.RelWithDebInfo|Win32.ActiveCfg = RelWithDebInfo|Win32
		{7FC5B7BC-8DB9-4BB2-93E1-0E19F118BAD6}.RelWithDebInfo|Win32.Build.0 = RelWithDebInfo|Win32
		{EDAC1C25-8CB8-45B0-942C-E9C106CDC3B8}.Debug|Win32.ActiveCfg = Debug|Win32
		{EDAC1C25-8CB8-45B0-942C-E9C106CDC3B8}.Debug|Win32.Build.0 = Debug|Win32
		{EDAC1C25-8CB8-45B0-942C-E9C106CDC3B8}.Hybrid|Win32.ActiveCfg = RelWithDebInfo|Win32
		{EDAC1C25-8CB8-45B0-942C-E9C106CDC3B8}.Hybrid|Win32.Build.0 = RelWithDebInfo|Win32
		{EDAC1C25-8CB8-45B0-942C-E9C106CDC3B8}.MinSizeRel|Win32.ActiveCfg = MinSizeRel|Win32
		{EDAC1C25-8CB8-45B0-942C-E9C106CDC3B8}.MinSizeRel|Win32.Build.0 = MinSizeRel|Win32
		{EDAC1C25-8CB8-45B0-942C-E9C106CDC3B8}.Release|Win32.ActiveCfg = Release|Win32
		{EDAC1C25-8CB8-45B0-942C-E9C106CDC3B8}.Release|Win32.Build.0 = Release|Win32
		{EDAC1C25-8CB8-45B0-942C-E9C106CDC3B8}.RelWithDebInfo|Win32.ActiveCfg = RelWithDebInfo|Win32
		{EDAC1C25-8CB8-45B0-942C-E9C106CDC3B8}.RelWithDebInfo|Win32.Build.0 = RelWithDebInfo|Win32
		{149D2DCB-A6C4-4418-8D83-34FE235A5AB3}.Debug|Win32.ActiveCfg = Debug|Win32
		{149D2DCB-A6C4-4418-8D83-34FE235A5AB3}.Debug|Win32.Build.0 = Debug|Win32
		{149D2DCB-A6C4-4418-8D83-34FE235A5AB3}.Hybrid|Win32.ActiveCfg = RelWithDebInfo|Win32
		{149D2DCB-A6C4-4418-8D83-34FE235A5AB3}.Hybrid|Win32.Build.0 = RelWithDebInfo|Win32
		{149D2DCB-A6C4-4418-8D83-34FE235A5AB3}.MinSizeRel|Win32.ActiveCfg = MinSizeRel|Win32
		{149D2DCB-A6C4-4418-8D83-34FE235A5AB3}.MinSizeRel|Win32.Build.0 = MinSizeRel|Win32
		{149D2DCB-A6C4-4418-8D83-34FE235A5AB3}.Release|Win32.ActiveCfg = Release|Win32
		{149D2DCB-A6C4-4418-8D83-34FE235A5AB3}.Release|Win32.Build.0 = Release|Win32
		{149D2DCB-A6C4-4418-8D83-34FE235A5AB3}.RelWithDebInfo|Win32.ActiveCfg = RelWithDebInfo|Win32
		{149D2DCB-A6C4-4418-8D83-34FE235A5AB3}.RelWithDebInfo|Win32.Build.0 = RelWithDebInfo|Win32
		{F4BB8A17-4C8A-40DB-B41E-AA1BF2E4192A}.Debug|Win32.ActiveCfg = Debug|Win32
		{F4BB8A17-4C8A-40DB-B41E-AA1BF2E4192A}.Debug|Win32.Build.0 = Debug|Win32
		{F4BB8A17-4C8A-40DB-B41E-AA1BF2E4192A}.Hybrid|Win32.ActiveCfg = RelWithDebInfo|Win32
		{F4BB8A17-4C8A-40DB-B41E-AA1BF2E4192A}.Hybrid|Win32.Build.0 = RelWithDebInfo|Win32
		{F4BB8A17-4C8A-40DB-B41E-AA1BF2E4192A}.MinSizeRel|Win32.ActiveCfg = MinSizeRel|Win32
		{F4BB8A17-4C8A-40DB-B41E-AA1BF2E4192A}.MinSizeRel|Win32.Build.0 = MinSizeRel|Win32
		{F4BB8A17-4C8A-40DB-B41E-AA1BF2E4192A}.Release|Win32.ActiveCfg = Release|Win32
		{F4BB8A17-4C8A-40DB-B41E-AA1BF2E4192A}.Release|Win32.Build.0 = Release|Win32
		{F4BB8A17-4C8A-40DB-B41E-AA1BF2E4192A}.RelWithDebInfo|Win32.ActiveCfg = RelWithDebInfo|Win32
		{F4BB8A17-4C8A-40DB-B41E-AA1BF2E4192A}.RelWithDebInfo|Win32.Build.0 = RelWithDebInfo|Win32
		{BCF06E88-119E-4602-93E5-523C503E3C04}.Debug|Win32.ActiveCfg = Debug|Win32
		{BCF06E88-119E-4602-93E5-523C503E3C04}.Debug|Win32.Build.0 = Debug|Win32
		{BCF06E88-119E-4602-93E5-523C503E3C04}.Hybrid|Win32.ActiveCfg = RelWithDebInfo|Win32
		{BCF06E88-119E-4602-93E5-523C503E3C04}.Hybrid|Win32.Build.0 = RelWithDebInfo|Win32
		{BCF06E88-119E-4602-93E5-523C503E3C04}.MinSizeRel|Win32.ActiveCfg = MinSizeRel|Win32
		{BCF06E88-119E-4602-93E5-523C503E3C04}.MinSizeRel|Win32.Build.0 = MinSizeRel|Win32
		{BCF06E88-119E-4602-93E5-523C503E3C04}.Release|Win32.ActiveCfg = Release|Win32
		{BCF06E88-119E-4602-93E5-523C503E3C04}.Release|Win32.Build.0 = Release|Win32
		{BCF06E88-119E-4602-93E5-523C503E3C04}.RelWithDebInfo|Win32.ActiveCfg = RelWithDebInfo|Win32
		{BCF06E88-119E-4602-93E5-523C503E3C04}.RelWithDebInfo|Win32.Build.0 = RelWithDebInfo|Win32
		{6153BF9C-4293-4702-BB88-F0F4B8849DC4}.Debug|Win32.ActiveCfg = Debug|Win32
		{6153BF9C-4293-4702-BB88-F0F4B8849DC4}.Debug|Win32.Build.0 = Debug|Win32
		{6153BF9C-4293-4702-BB88-F0F4B8849DC4}.Hybrid|Win32.ActiveCfg = RelWithDebInfo|Win32
		{6153BF9C-4293-4702-BB88-F0F4B8849DC4}.Hybrid|Win32.Build.0 = RelWithDebInfo|Win32
		{6153BF9C-4293-4702-BB88-F0F4B8849DC4}.MinSizeRel|Win32.ActiveCfg = MinSizeRel|Win32
		{6153BF9C-4293-4702-BB88-F0F4B8849DC4}.MinSizeRel|Win32.Build.0 = MinSizeRel|Win32
		{6153BF9C-4293-4702-BB88-F0F4B8849DC4}.Release|Win32.ActiveCfg = Release|Win32
		{6153BF9C-4293-4702-BB88-F0F4B8849DC4}.Release|Win32.Build.0 = Release|Win32
		{6153BF9C-4293-4702-BB88-F0F4B8849DC4}.RelWithDebInfo|Win32.ActiveCfg = RelWithDebInfo|Win32
		{6153BF9C-4293-4702-BB88-F0F4B8849DC4}.RelWithDebInfo|Win32.Build.0 = RelWithDebInfo|Win32
		{5C82B5BE-20DD-4AC8-9553-86472DA122A9}.Debug|Win32.ActiveCfg = Debug|Win32
		{5C82B5BE-20DD-4AC8-9553-86472DA122A9}.Debug|Win32.Build.0 = Debug|Win32
		{5C82B5BE-20DD-4AC8-9553-86472DA122A9}.Hybrid|Win32.ActiveCfg = RelWithDebInfo|Win32
		{5C82B5BE-20DD-4AC8-9553-86472DA122A9}.Hybrid|Win32.Build.0 = RelWithDebInfo|Win32
		{5C82B5BE-20DD-4AC8-9553-86472DA122A9}.MinSizeRel|Win32.ActiveCfg = MinSizeRel|Win32
		{5C82B5BE-20DD-4AC8-9553-86472DA122A9}.MinSizeRel|Win32.Build.0 = MinSizeRel|Win32
		{5C82B5BE-20DD-4AC8-9553-86472DA122A9}.Release|Win32.ActiveCfg = Release|Win32
		{5C82B5BE-20DD-4AC8-9553-86472DA122A9}.Release|Win32.Build.0 = Release|Win32
		{5C82B5BE-20DD-4AC8-9553-86472DA122A9}.RelWithDebInfo|Win32.ActiveCfg = RelWithDebInfo|Win32
		{5C82B5BE-20DD-4AC8-9553-86472DA122A9}.RelWithDebInfo|Win32.Build.0 = RelWithDebInfo|Win32
		{61F3C922-7C4F-45F0-B9E1-38477769D3BC}.Debug|Win32.ActiveCfg = Debug|Win32
		{61F3C922-7C4F-45F0-B9E1-38477769D3BC}.Debug|Win32.Build.0 = Debug|Win32
		{61F3C922-7C4F-45F0-B9E1-38477769D3BC}.Hybrid|Win32.ActiveCfg = RelWithDebInfo|Win32
		{61F3C922-7C4F-45F0-B9E1-38477769D3BC}.Hybrid|Win32.Build.0 = RelWithDebInfo|Win32
		{61F3C922-7C4F-45F0-B9E1-38477769D3BC}.MinSizeRel|Win32.ActiveCfg = MinSizeRel|Win32
		{61F3C922-7C4F-45F0-B9E1-38477769D3BC}.MinSizeRel|Win32.Build.0 = MinSizeRel|Win32
		{61F3C922-7C4F-45F0-B9E1-38477769D3BC}.Release|Win32.ActiveCfg = Release|Win32
		{61F3C922-7C4F-45F0-B9E1-38477769D3BC}.Release|Win32.Build.0 = Release|Win32
		{61F3C922-7C4F-45F0-B9E1-38477769D3BC}.RelWithDebInfo|Win32.ActiveCfg = RelWithDebInfo|Win32
		{61F3C922-7C4F-45F0-B9E1-38477769D3BC}.RelWithDebInfo|Win32.Build.0 = RelWithDebInfo|Win32
		{33710B7C-2033-4505-B4BC-D175D537B156}.Debug|Win32.ActiveCfg = Debug|Win32
		{33710B7C-2033-4505-B4BC-D175D537B156}.Debug|Win32.Build.0 = Debug|Win32
		{33710B7C-2033-4505-B4BC-D175D537B156}.Hybrid|Win32.ActiveCfg = RelWithDebInfo|Win32
		{33710B7C-2033-4505-B4BC-D175D537B156}.Hybrid|Win32.Build.0 = RelWithDebInfo|Win32
		{33710B7C-2033-4505-B4BC-D175D537B156}.MinSizeRel|Win32.ActiveCfg = MinSizeRel|Win32
		{33710B7C-2033-4505-B4BC-D175D537B156}.MinSizeRel|Win32.Build.0 = MinSizeRel|Win32
		{33710B7C-2033-4505-B4BC-D175D537B156}.Release|Win32.ActiveCfg = Release|Win32
		{33710B7C-2033-4505-B4BC-D175D537B156}.Release|Win32.Build.0 = Release|Win32
		{33710B7C-2033-4505-B4BC-D175D537B156}.RelWithDebInfo|Win32.ActiveCfg = RelWithDebInfo|Win32
		{33710B7C-2033-4505-B4BC-D175D537B156}.RelWithDebInfo|Win32.Build.0 = RelWithDebInfo|Win32
		{C0CA4A2D-1651-465F-B864-4AF25211E190}.Debug|Win32.ActiveCfg = Debug|Win32
		{C0CA4A2D-1651-465F-B864-4AF25211E190}.Debug|Win32.Build.0 = Debug|Win32
		{C0CA4A2D-1651-465F-B864-4AF25211E190}.Hybrid|Win32.ActiveCfg = RelWithDebInfo|Win32
		{C0CA4A2D-1651-465F-B864-4AF25211E190}.Hybrid|Win32.Build.0 = RelWithDebInfo|Win32
		{C0CA4A2D-1651-465F-B864-4AF25211E190}.MinSizeRel|Win32.ActiveCfg = MinSizeRel|Win32
		{C0CA4A2D-1651-465F-B864-4AF25211E190}.MinSizeRel|Win32.Build.0 = MinSizeRel|Win32
		{C0CA4A2D-1651-465F-B864-4AF25211E190}.Release|Win32.ActiveCfg = Release|Win32
		{C0CA4A2D-1651-465F-B864-4AF25211E190}.Release|Win32.Build.0 = Release|Win32
		{C0CA4A2D-1651-465F-B864-4AF25211E190}.RelWithDebInfo|Win32.ActiveCfg = RelWithDebInfo|Win32
		{C0CA4A2D-1651-465F-B864-4AF25211E190}.RelWithDebInfo|Win32.Build.0 = RelWithDebInfo|Win32
		{FE147ACE-B6F3-4D09-95FE-293C6F6297F6}.Debug|Win32.ActiveCfg = Debug|Win32
		{FE147ACE-B6F3-4D09-95FE-293C6F6297F6}.Debug|Win32.Build.0 = Debug|Win32
		{FE147ACE-B6F3-4D09-95FE-293C6F6297F6}.Hybrid|Win32.ActiveCfg = RelWithDebInfo|Win32
		{FE147ACE-B6F3-4D09-95FE-293C6F6297F6}.Hybrid|Win32.Build.0 = RelWithDebInfo|Win32
		{FE147ACE-B6F3-4D09-95FE-293C6F6297F6}.MinSizeRel|Win32.ActiveCfg = MinSizeRel|Win32
		{FE147ACE-B6F3-4D09-95FE-293C6F6297F6}.MinSizeRel|Win32.Build.0 = MinSizeRel|Win32
		{FE147ACE-B6F3-4D09-95FE-293C6F6297F6}.Release|Win32.ActiveCfg = Release|Win32
		{FE147ACE-B6F3-4D09-95FE-293C6F6297F6}.Release|Win32.Build.0 = Release|Win32
		{FE147ACE-B6F3-4D09-95FE-293C6F6297F6}.RelWithDebInfo|Win32.ActiveCfg = RelWithDebInfo|Win32
		{FE147ACE-B6F3-4D09-95FE-293C6F6297F6}.RelWithDebInfo|Win32.Build.0 = RelWithDebInfo|Win32
		{8D9A83C0-DA5C-41EB-AC92-5E8C0D9DEEC8}.Debug|Win32.ActiveCfg = Debug|Win32
		{8D9A83C0-DA5C-41EB-AC92-5E8C0D9DEEC8}.Debug|Win32.Build.0 = Debug|Win32
		{8D9A83C0-DA5C-41EB-AC92-5E8C0D9DEEC8}.Hybrid|Win32.ActiveCfg = RelWithDebInfo|Win32
		{8D9A83C0-DA5C-41EB-AC92-5E8C0D9DEEC8}.Hybrid|Win32.Build.0 = RelWithDebInfo|Win32
		{8D9A83C0-DA5C-41EB-AC92-5E8C0D9DEEC8}.MinSizeRel|Win32.ActiveCfg = MinSizeRel|Win32
		{8D9A83C0-DA5C-41EB-AC92-5E8C0D9DEEC8}.MinSizeRel|Win32.Build.0 = MinSizeRel|Win32
		{8D9A83C0-DA5C-41EB-AC92-5E8C0D9DEEC8}.Release|Win32.ActiveCfg = Release|Win32
		{8D9A83C0-DA5C-41EB-AC92-5E8C0D9DEEC8}.Release|Win32.Build.0 = Release|Win32
		{8D9A83C0-DA5C-41EB-AC92-5E8C0D9DEEC8}.RelWithDebInfo|Win32.ActiveCfg = RelWithDebInfo|Win32
		{8D9A83C0-DA5C-41EB-AC92-5E8C0D9DEEC8}.RelWithDebInfo|Win32.Build.0 = RelWithDebInfo|Win32
		{FE7A462C-2216-479F-9074-EB19F87ED0D3}.Debug|Win32.ActiveCfg = Debug|Win32
		{FE7A462C-2216-479F-9074-EB19F87ED0D3}.Debug|Win32.Build.0 = Debug|Win32
		{FE7A462C-2216-479F-9074-EB19F87ED0D3}.Hybrid|Win32.ActiveCfg = RelWithDebInfo|Win32
		{FE7A462C-2216-479F-9074-EB19F87ED0D3}.Hybrid|Win32.Build.0 = RelWithDebInfo|Win32
		{FE7A462C-2216-479F-9074-EB19F87ED0D3}.MinSizeRel|Win32.ActiveCfg = MinSizeRel|Win32
		{FE7A462C-2216-479F-9074-EB19F87ED0D3}.MinSizeRel|Win32.Build.0 = MinSizeRel|Win32
		{FE7A462C-2216-479F-9074-EB19F87ED0D3}.Release|Win32.ActiveCfg = Release|Win32
		{FE7A462C-2216-479F-9074-EB19F87ED0D3}.Release|Win32.Build.0 = Release|Win32
		{FE7A462C-2216-479F-9074-EB19F87ED0D3}.RelWithDebInfo|Win32.ActiveCfg = RelWithDebInfo|Win32
		{FE7A462C-2216-479F-9074-EB19F87ED0D3}.RelWithDebInfo|Win32.Build.0 = RelWithDebInfo|Win32
		{D6297929-86F6-47B3-8A39-CA2ABC823E67}.Debug|Win32.ActiveCfg = Debug|Win32
		{D6297929-86F6-47B3-8A39-CA2ABC823E67}.Debug|Win32.Build.0 = Debug|Win32
		{D6297929-86F6-47B3-8A39-CA2ABC823E67}.Hybrid|Win32.ActiveCfg = RelWithDebInfo|Win32
		{D6297929-86F6-47B3-8A39-CA2ABC823E67}.Hybrid|Win32.Build.0 = RelWithDebInfo|Win32
		{D6297929-86F6-47B3-8A39-CA2ABC823E67}.MinSizeRel|Win32.ActiveCfg = MinSizeRel|Win32
		{D6297929-86F6-47B3-8A39-CA2ABC823E67}.MinSizeRel|Win32.Build.0 = MinSizeRel|Win32
		{D6297929-86F6-47B3-8A39-CA2ABC823E67}.Release|Win32.ActiveCfg = Release|Win32
		{D6297929-86F6-47B3-8A39-CA2ABC823E67}.Release|Win32.Build.0 = Release|Win32
		{D6297929-86F6-47B3-8A39-CA2ABC823E67}.RelWithDebInfo|Win32.ActiveCfg = RelWithDebInfo|Win32
		{D6297929-86F6-47B3-8A39-CA2ABC823E67}.RelWithDebInfo|Win32.Build.0 = RelWithDebInfo|Win32
		{73A36EC0-051E-4AF2-A008-493038A1D7AE}.Debug|Win32.ActiveCfg = Debug|Win32
		{73A36EC0-051E-4AF2-A008-493038A1D7AE}.Debug|Win32.Build.0 = Debug|Win32
		{73A36EC0-051E-4AF2-A008-493038A1D7AE}.Hybrid|Win32.ActiveCfg = RelWithDebInfo|Win32
		{73A36EC0-051E-4AF2-A008-493038A1D7AE}.Hybrid|Win32.Build.0 = RelWithDebInfo|Win32
		{73A36EC0-051E-4AF2-A008-493038A1D7AE}.MinSizeRel|Win32.ActiveCfg = MinSizeRel|Win32
		{73A36EC0-051E-4AF2-A008-493038A1D7AE}.MinSizeRel|Win32.Build.0 = MinSizeRel|Win32
		{73A36EC0-051E-4AF2-A008-493038A1D7AE}.Release|Win32.ActiveCfg = Release|Win32
		{73A36EC0-051E-4AF2-A008-493038A1D7AE}.Release|Win32.Build.0 = Release|Win32
		{73A36EC0-051E-4AF2-A008-493038A1D7AE}.RelWithDebInfo|Win32.ActiveCfg = RelWithDebInfo|Win32
		{73A36EC0-051E-4AF2-A008-493038A1D7AE}.RelWithDebInfo|Win32.Build.0 = RelWithDebInfo|Win32
		{CE559982-43F7-460B-8F3D-34B9D3AC30EB}.Debug|Win32.ActiveCfg = Debug|Win32
		{CE559982-43F7-460B-8F3D-34B9D3AC30EB}.Debug|Win32.Build.0 = Debug|Win32
		{CE559982-43F7-460B-8F3D-34B9D3AC30EB}.Hybrid|Win32.ActiveCfg = RelWithDebInfo|Win32
		{CE559982-43F7-460B-8F3D-34B9D3AC30EB}.Hybrid|Win32.Build.0 = RelWithDebInfo|Win32
		{CE559982-43F7-460B-8F3D-34B9D3AC30EB}.MinSizeRel|Win32.ActiveCfg = MinSizeRel|Win32
		{CE559982-43F7-460B-8F3D-34B9D3AC30EB}.MinSizeRel|Win32.Build.0 = MinSizeRel|Win32
		{CE559982-43F7-460B-8F3D-34B9D3AC30EB}.Release|Win32.ActiveCfg = Release|Win32
		{CE559982-43F7-460B-8F3D-34B9D3AC30EB}.Release|Win32.Build.0 = Release|Win32
		{CE559982-43F7-460B-8F3D-34B9D3AC30EB}.RelWithDebInfo|Win32.ActiveCfg = RelWithDebInfo|Win32
		{CE559982-43F7-460B-8F3D-34B9D3AC30EB}.RelWithDebInfo|Win32.Build.0 = RelWithDebInfo|Win32
		{86AD39B7-DDE7-4F46-B5BF-2154B047C112}.Debug|Win32.ActiveCfg = Debug|Win32
		{86AD39B7-DDE7-4F46-B5BF-2154B047C112}.Debug|Win32.Build.0 = Debug|Win32
		{86AD39B7-DDE7-4F46-B5BF-2154B047C112}.Hybrid|Win32.ActiveCfg = Hybrid|Win32
		{86AD39B7-DDE7-4F46-B5BF-2154B047C112}.Hybrid|Win32.Build.0 = Hybrid|Win32
		{86AD39B7-DDE7-4F46-B5BF-2154B047C112}.MinSizeRel|Win32.ActiveCfg = Hybrid|Win32
		{86AD39B7-DDE7-4F46-B5BF-2154B047C112}.MinSizeRel|Win32.Build.0 = Hybrid|Win32
		{86AD39B7-DDE7-4F46-B5BF-2154B047C112}.Release|Win32.ActiveCfg = Release|Win32
		{86AD39B7-DDE7-4F46-B5BF-2154B047C112}.Release|Win32.Build.0 = Release|Win32
		{86AD39B7-DDE7-4F46-B5BF-2154B047C112}.RelWithDebInfo|Win32.ActiveCfg = Release|Win32
		{86AD39B7-DDE7-4F46-B5BF-2154B047C112}.RelWithDebInfo|Win32.Build.0 = Release|Win32
		{ECC2A02A-81A0-4EA7-95D7-BA6274B824C7}.Debug|Win32.ActiveCfg = Debug|Win32
		{ECC2A02A-81A0-4EA7-95D7-BA6274B824C7}.Debug|Win32.Build.0 = Debug|Win32
		{ECC2A02A-81A0-4EA7-95D7-BA6274B824C7}.Hybrid|Win32.ActiveCfg = RelWithDebInfo|Win32
		{ECC2A02A-81A0-4EA7-95D7-BA6274B824C7}.Hybrid|Win32.Build.0 = RelWithDebInfo|Win32
		{ECC2A02A-81A0-4EA7-95D7-BA6274B824C7}.MinSizeRel|Win32.ActiveCfg = MinSizeRel|Win32
		{ECC2A02A-81A0-4EA7-95D7-BA6274B824C7}.MinSizeRel|Win32.Build.0 = MinSizeRel|Win32
		{ECC2A02A-81A0-4EA7-95D7-BA6274B824C7}.Release|Win32.ActiveCfg = Release|Win32
		{ECC2A02A-81A0-4EA7-95D7-BA6274B824C7}.Release|Win32.Build.0 = Release|Win32
		{ECC2A02A-81A0-4EA7-95D7-BA6274B824C7}.RelWithDebInfo|Win32.ActiveCfg = RelWithDebInfo|Win32
		{ECC2A02A-81A0-4EA7-95D7-BA6274B824C7}.RelWithDebInfo|Win32.Build.0 = RelWithDebInfo|Win32
		{23008180-D2DD-4DDB-91E4-F3447C380EA7}.Debug|Win32.ActiveCfg = Debug|Win32
		{23008180-D2DD-4DDB-91E4-F3447C380EA7}.Debug|Win32.Build.0 = Debug|Win32
		{23008180-D2DD-4DDB-91E4-F3447C380EA7}.Hybrid|Win32.ActiveCfg = Release|Win32
		{23008180-D2DD-4DDB-91E4-F3447C380EA7}.Hybrid|Win32.Build.0 = Release|Win32
		{23008180-D2DD-4DDB-91E4-F3447C380EA7}.MinSizeRel|Win32.ActiveCfg = Release|Win32
		{23008180-D2DD-4DDB-91E4-F3447C380EA7}.MinSizeRel|Win32.Build.0 = Release|Win32
		{23008180-D2DD-4DDB-91E4-F3447C380EA7}.Release|Win32.ActiveCfg = Release|Win32
		{23008180-D2DD-4DDB-91E4-F3447C380EA7}.Release|Win32.Build.0 = Release|Win32
		{23008180-D2DD-4DDB-91E4-F3447C380EA7}.RelWithDebInfo|Win32.ActiveCfg = Release|Win32
		{23008180-D2DD-4DDB-91E4-F3447C380EA7}.RelWithDebInfo|Win32.Build.0 = Release|Win32
		{8A811647-D830-4F66-B8D3-F69BAE8991CD}.Debug|Win32.ActiveCfg = Debug|Win32
		{8A811647-D830-4F66-B8D3-F69BAE8991CD}.Debug|Win32.Build.0 = Debug|Win32
		{8A811647-D830-4F66-B8D3-F69BAE8991CD}.Hybrid|Win32.ActiveCfg = Release|Win32
		{8A811647-D830-4F66-B8D3-F69BAE8991CD}.Hybrid|Win32.Build.0 = Release|Win32
		{8A811647-D830-4F66-B8D3-F69BAE8991CD}.MinSizeRel|Win32.ActiveCfg = Release|Win32
		{8A811647-D830-4F66-B8D3-F69BAE8991CD}.MinSizeRel|Win32.Build.0 = Release|Win32
		{8A811647-D830-4F66-B8D3-F69BAE8991CD}.Release|Win32.ActiveCfg = Release|Win32
		{8A811647-D830-4F66-B8D3-F69BAE8991CD}.Release|Win32.Build.0 = Release|Win32
		{8A811647-D830-4F66-B8D3-F69BAE8991CD}.RelWithDebInfo|Win32.ActiveCfg = Release|Win32
		{8A811647-D830-4F66-B8D3-F69BAE8991CD}.RelWithDebInfo|Win32.Build.0 = Release|Win32
		{E229EF0F-35FC-4431-9DA4-E358ACB3A8FF}.Debug|Win32.ActiveCfg = Debug|Win32
		{E229EF0F-35FC-4431-9DA4-E358ACB3A8FF}.Debug|Win32.Build.0 = Debug|Win32
		{E229EF0F-35FC-4431-9DA4-E358ACB3A8FF}.Hybrid|Win32.ActiveCfg = Release|Win32
		{E229EF0F-35FC-4431-9DA4-E358ACB3A8FF}.Hybrid|Win32.Build.0 = Release|Win32
		{E229EF0F-35FC-4431-9DA4-E358ACB3A8FF}.MinSizeRel|Win32.ActiveCfg = Release|Win32
		{E229EF0F-35FC-4431-9DA4-E358ACB3A8FF}.MinSizeRel|Win32.Build.0 = Release|Win32
		{E229EF0F-35FC-4431-9DA4-E358ACB3A8FF}.Release|Win32.ActiveCfg = Release|Win32
		{E229EF0F-35FC-4431-9DA4-E358ACB3A8FF}.Release|Win32.Build.0 = Release|Win32
		{E229EF0F-35FC-4431-9DA4-E358ACB3A8FF}.RelWithDebInfo|Win32.ActiveCfg = Release|Win32
		{E229EF0F-35FC-4431-9DA4-E358ACB3A8FF}.RelWithDebInfo|Win32.Build.0 = Release|Win32
		{135526C9-D4BC-49D3-B2B6-8356545D9C45}.Debug|Win32.ActiveCfg = Debug|Win32
		{135526C9-D4BC-49D3-B2B6-8356545D9C45}.Debug|Win32.Build.0 = Debug|Win32
		{135526C9-D4BC-49D3-B2B6-8356545D9C45}.Hybrid|Win32.ActiveCfg = Release|Win32
		{135526C9-D4BC-49D3-B2B6-8356545D9C45}.Hybrid|Win32.Build.0 = Release|Win32
		{135526C9-D4BC-49D3-B2B6-8356545D9C45}.MinSizeRel|Win32.ActiveCfg = Release|Win32
		{135526C9-D4BC-49D3-B2B6-8356545D9C45}.MinSizeRel|Win32.Build.0 = Release|Win32
		{135526C9-D4BC-49D3-B2B6-8356545D9C45}.Release|Win32.ActiveCfg = Release|Win32
		{135526C9-D4BC-49D3-B2B6-8356545D9C45}.Release|Win32.Build.0 = Release|Win32
		{135526C9-D4BC-49D3-B2B6-8356545D9C45}.RelWithDebInfo|Win32.ActiveCfg = Release|Win32
		{135526C9-D4BC-49D3-B2B6-8356545D9C45}.RelWithDebInfo|Win32.Build.0 = Release|Win32
		{32B9EA36-825D-45BC-94AA-B6295237C8A1}.Debug|Win32.ActiveCfg = Debug|Win32
		{32B9EA36-825D-45BC-94AA-B6295237C8A1}.Debug|Win32.Build.0 = Debug|Win32
		{32B9EA36-825D-45BC-94AA-B6295237C8A1}.Hybrid|Win32.ActiveCfg = Release|Win32
		{32B9EA36-825D-45BC-94AA-B6295237C8A1}.Hybrid|Win32.Build.0 = Release|Win32
		{32B9EA36-825D-45BC-94AA-B6295237C8A1}.MinSizeRel|Win32.ActiveCfg = Release|Win32
		{32B9EA36-825D-45BC-94AA-B6295237C8A1}.MinSizeRel|Win32.Build.0 = Release|Win32
		{32B9EA36-825D-45BC-94AA-B6295237C8A1}.Release|Win32.ActiveCfg = Release|Win32
		{32B9EA36-825D-45BC-94AA-B6295237C8A1}.Release|Win32.Build.0 = Release|Win32
		{32B9EA36-825D-45BC-94AA-B6295237C8A1}.RelWithDebInfo|Win32.ActiveCfg = Release|Win32
		{32B9EA36-825D-45BC-94AA-B6295237C8A1}.RelWithDebInfo|Win32.Build.0 = Release|Win32
		{A065C58F-771F-4209-A9F2-255AB16302D7}.Debug|Win32.ActiveCfg = Debug|Win32
		{A065C58F-771F-4209-A9F2-255AB16302D7}.Debug|Win32.Build.0 = Debug|Win32
		{A065C58F-771F-4209-A9F2-255AB16302D7}.Hybrid|Win32.ActiveCfg = Release|Win32
		{A065C58F-771F-4209-A9F2-255AB16302D7}.Hybrid|Win32.Build.0 = Release|Win32
		{A065C58F-771F-4209-A9F2-255AB16302D7}.MinSizeRel|Win32.ActiveCfg = Release|Win32
		{A065C58F-771F-4209-A9F2-255AB16302D7}.MinSizeRel|Win32.Build.0 = Release|Win32
		{A065C58F-771F-4209-A9F2-255AB16302D7}.Release|Win32.ActiveCfg = Release|Win32
		{A065C58F-771F-4209-A9F2-255AB16302D7}.Release|Win32.Build.0 = Release|Win32
		{A065C58F-771F-4209-A9F2-255AB16302D7}.RelWithDebInfo|Win32.ActiveCfg = Release|Win32
		{A065C58F-771F-4209-A9F2-255AB16302D7}.RelWithDebInfo|Win32.Build.0 = Release|Win32
		{8BEFD880-4583-4BF5-9E02-721124078CF6}.Debug|Win32.ActiveCfg = Debug|Win32
		{8BEFD880-4583-4BF5-9E02-721124078CF6}.Debug|Win32.Build.0 = Debug|Win32
		{8BEFD880-4583-4BF5-9E02-721124078CF6}.Hybrid|Win32.ActiveCfg = Release|Win32
		{8BEFD880-4583-4BF5-9E02-721124078CF6}.Hybrid|Win32.Build.0 = Release|Win32
		{8BEFD880-4583-4BF5-9E02-721124078CF6}.MinSizeRel|Win32.ActiveCfg = Release|Win32
		{8BEFD880-4583-4BF5-9E02-721124078CF6}.MinSizeRel|Win32.Build.0 = Release|Win32
		{8BEFD880-4583-4BF5-9E02-721124078CF6}.Release|Win32.ActiveCfg = Release|Win32
		{8BEFD880-4583-4BF5-9E02-721124078CF6}.Release|Win32.Build.0 = Release|Win32
		{8BEFD880-4583-4BF5-9E02-721124078CF6}.RelWithDebInfo|Win32.ActiveCfg = Release|Win32
		{8BEFD880-4583-4BF5-9E02-721124078CF6}.RelWithDebInfo|Win32.Build.0 = Release|Win32
	EndGlobalSection
	GlobalSection(SolutionProperties) = preSolution
		HideSolutionNode = FALSE
	EndGlobalSection
	GlobalSection(NestedProjects) = preSolution
		{AEEFA19C-8D7E-4504-A8E9-CB8FB146A41D} = {54811760-FF9D-41CB-A0A3-A3365BF0E79D}
		{B0E2D399-7571-47B2-BCF0-8E05505B85C4} = {54811760-FF9D-41CB-A0A3-A3365BF0E79D}
		{3A4C4A3E-147E-49CC-847D-4B20BED423AE} = {54811760-FF9D-41CB-A0A3-A3365BF0E79D}
		{9966865D-9AEA-4330-9B7D-FB15D48FC4C1} = {AEEFA19C-8D7E-4504-A8E9-CB8FB146A41D}
		{B3465970-3882-4E48-AF8E-7F5B0B7DB464} = {AEEFA19C-8D7E-4504-A8E9-CB8FB146A41D}
		{3CF818F6-D240-42FC-AFD0-B55990AB6511} = {AEEFA19C-8D7E-4504-A8E9-CB8FB146A41D}
		{C6940B26-BFEA-41E8-8673-E6A23EF45DD4} = {AEEFA19C-8D7E-4504-A8E9-CB8FB146A41D}
		{F9912579-49A1-430D-90A3-B8B2CB8F0AA2} = {AEEFA19C-8D7E-4504-A8E9-CB8FB146A41D}
		{8C5DA2A3-A96C-47C4-B7A2-CB1C6F2F5172} = {AEEFA19C-8D7E-4504-A8E9-CB8FB146A41D}
		{7FC5B7BC-8DB9-4BB2-93E1-0E19F118BAD6} = {AEEFA19C-8D7E-4504-A8E9-CB8FB146A41D}
		{EDAC1C25-8CB8-45B0-942C-E9C106CDC3B8} = {AEEFA19C-8D7E-4504-A8E9-CB8FB146A41D}
		{149D2DCB-A6C4-4418-8D83-34FE235A5AB3} = {AEEFA19C-8D7E-4504-A8E9-CB8FB146A41D}
		{F4BB8A17-4C8A-40DB-B41E-AA1BF2E4192A} = {AEEFA19C-8D7E-4504-A8E9-CB8FB146A41D}
		{BCF06E88-119E-4602-93E5-523C503E3C04} = {AEEFA19C-8D7E-4504-A8E9-CB8FB146A41D}
		{6153BF9C-4293-4702-BB88-F0F4B8849DC4} = {AEEFA19C-8D7E-4504-A8E9-CB8FB146A41D}
		{5C82B5BE-20DD-4AC8-9553-86472DA122A9} = {AEEFA19C-8D7E-4504-A8E9-CB8FB146A41D}
		{61F3C922-7C4F-45F0-B9E1-38477769D3BC} = {AEEFA19C-8D7E-4504-A8E9-CB8FB146A41D}
		{33710B7C-2033-4505-B4BC-D175D537B156} = {AEEFA19C-8D7E-4504-A8E9-CB8FB146A41D}
		{C0CA4A2D-1651-465F-B864-4AF25211E190} = {AEEFA19C-8D7E-4504-A8E9-CB8FB146A41D}
		{CE559982-43F7-460B-8F3D-34B9D3AC30EB} = {AEEFA19C-8D7E-4504-A8E9-CB8FB146A41D}
		{FE147ACE-B6F3-4D09-95FE-293C6F6297F6} = {9966865D-9AEA-4330-9B7D-FB15D48FC4C1}
		{8D9A83C0-DA5C-41EB-AC92-5E8C0D9DEEC8} = {9966865D-9AEA-4330-9B7D-FB15D48FC4C1}
		{FE7A462C-2216-479F-9074-EB19F87ED0D3} = {9966865D-9AEA-4330-9B7D-FB15D48FC4C1}
		{D6297929-86F6-47B3-8A39-CA2ABC823E67} = {9966865D-9AEA-4330-9B7D-FB15D48FC4C1}
		{73A36EC0-051E-4AF2-A008-493038A1D7AE} = {9966865D-9AEA-4330-9B7D-FB15D48FC4C1}
		{86AD39B7-DDE7-4F46-B5BF-2154B047C112} = {B0E2D399-7571-47B2-BCF0-8E05505B85C4}
		{ECC2A02A-81A0-4EA7-95D7-BA6274B824C7} = {3A4C4A3E-147E-49CC-847D-4B20BED423AE}
		{94A1A606-CC9E-4B30-9B23-89DC9DB7C079} = {C7D70335-A314-40D1-868A-01F0283E0074}
		{23008180-D2DD-4DDB-91E4-F3447C380EA7} = {C7D70335-A314-40D1-868A-01F0283E0074}
		{8A811647-D830-4F66-B8D3-F69BAE8991CD} = {C7D70335-A314-40D1-868A-01F0283E0074}
		{E229EF0F-35FC-4431-9DA4-E358ACB3A8FF} = {94A1A606-CC9E-4B30-9B23-89DC9DB7C079}
		{135526C9-D4BC-49D3-B2B6-8356545D9C45} = {94A1A606-CC9E-4B30-9B23-89DC9DB7C079}
		{32B9EA36-825D-45BC-94AA-B6295237C8A1} = {94A1A606-CC9E-4B30-9B23-89DC9DB7C079}
		{A065C58F-771F-4209-A9F2-255AB16302D7} = {94A1A606-CC9E-4B30-9B23-89DC9DB7C079}
		{8BEFD880-4583-4BF5-9E02-721124078CF6} = {94A1A606-CC9E-4B30-9B23-89DC9DB7C079}
	EndGlobalSection
EndGlobal
